{
  "name": "@feng3d/watcher",
  "version": "0.0.2",
  "lockfileVersion": 1,
  "requires": true,
  "dependencies": {
    "@feng3d/build": {
      "version": "0.0.5",
      "resolved": "https://registry.npmjs.org/@feng3d/build/-/build-0.0.5.tgz",
      "integrity": "sha512-zwsIx8K1HeabxN1xsZ+9CBXCBW8NHcKh25u910Ao2nRdsMgjq2DUDPi8rMwHdwBqaV0+2OYBnlQKHC808WYZAQ==",
      "dev": true,
      "requires": {
        "@types/node": "^11.13.2"
      }
    },
    "@types/node": {
      "version": "11.13.5",
      "resolved": "https://registry.npmjs.org/@types/node/-/node-11.13.5.tgz",
      "integrity": "sha512-/OMMBnjVtDuwX1tg2pkYVSqRIDSmNTnvVvmvP/2xiMAAWf4a5+JozrApCrO4WCAILmXVxfNoQ3E+0HJbNpFVGg==",
      "dev": true
    }
  }
}
